
Microsoft Visual Studio Solution File, Format Version 12.00
Project("{F2A71F9B-5D33-465A-A702-920D77279786}") = "TaxRecon", "TaxRecon\TaxRecon.fsproj", "{4FDAD358-A719-4FAC-81F4-4B45B5990C95}"
EndProject
Global
	GlobalSection(SolutionConfigurationPlatforms) = preSolution
		Debug|Any CPU = Debug|Any CPU
		Release|Any CPU = Release|Any CPU
	EndGlobalSection
	GlobalSection(ProjectConfigurationPlatforms) = postSolution
		{4FDAD358-A719-4FAC-81F4-4B45B5990C95}.Debug|Any CPU.ActiveCfg = Debug|Any CPU
		{4FDAD358-A719-4FAC-81F4-4B45B5990C95}.Debug|Any CPU.Build.0 = Debug|Any CPU
		{4FDAD358-A719-4FAC-81F4-4B45B5990C95}.Release|Any CPU.ActiveCfg = Release|Any CPU
		{4FDAD358-A719-4FAC-81F4-4B45B5990C95}.Release|Any CPU.Build.0 = Release|Any CPU
	EndGlobalSection
EndGlobal
